# THIS IS AN AUTOGENERATED FILE. DO NOT EDIT THIS FILE DIRECTLY.
assets/ajax-loader.gif:
  development: 2018-05-05T02:32:05-04:00   deca8b0ecd6974227d157b6d7068995d
assets/cart.js.liquid:
  development: 2018-05-05T02:32:05-04:00   6124d59d0ad7dbffe41a3fc55ed1a730
assets/currency-flags-small.png:
  development: 2018-05-05T02:32:05-04:00   b3426b0214692d64910c1f2a329b6e0d
assets/currency-flags.png:
  development: 2018-05-05T02:32:05-04:00   59d3e93fa0a48bdc2eecb0d6bed1e7b9
assets/doubly.js:
  development: 2018-05-05T02:32:05-04:00   241ae6ad236cf42053e2837ae9752643
assets/gift-card.scss.liquid:
  development: 2018-05-05T02:32:05-04:00   4013652f514c31ced96536bd134c4bc1
assets/ginit.js:
  development: 2018-05-05T02:32:05-04:00   e5d66bf2695e62d32acbe019920bc4a7
assets/hero_slide_1.jpg:
  development: 2018-05-05T02:32:05-04:00   60c9e4042c6be8f9aaaf0b7099faa402
assets/ico-select.svg.liquid:
  development: 2018-05-05T02:32:05-04:00   9c9cc5a57cc74a0a64c2f62b1370a920
assets/icons.eot:
  development: 2018-05-05T02:32:05-04:00   8f64560bdd074785733acde88e121c0e
assets/icons.json:
  development: 2018-05-05T02:32:05-04:00   3c27b07719e7a60beca2abab9d543474
assets/icons.svg:
  development: 2018-05-05T02:32:06-04:00   d90b5182cb63b78a8be44f4a0ce5b750
assets/icons.ttf:
  development: 2018-05-05T02:32:06-04:00   c178483589b0898a2bd69e12ef252b45
assets/icons.woff:
  development: 2018-05-05T02:32:06-04:00   d5833930f5b162566dc7d28d3b55ce9f
assets/jquery-2.2.3.min.js:
  development: 2018-05-05T02:32:06-04:00   33cabfa15c1060aaa3d207c653afb1ee
assets/jquery.countdown.min.js:
  development: 2018-05-05T02:32:06-04:00   5d3ff3c3fbaa67cc639501f44eeb07be
assets/lazysizes.min.js:
  development: 2018-05-05T02:32:06-04:00   830660aaaf0a60b712ad5c32482ee689
assets/loader.js:
  development: 2018-05-05T02:32:06-04:00   0000386354c0d6867d3723f007309321
assets/match-media.min.js:
  development: 2018-05-05T02:32:06-04:00   9e431a1a6b7a8c12af2cef5c2a1ce14f
assets/modernizr.min.js:
  development: 2018-05-05T02:32:06-04:00   2e37516b46c9a9e2f46842c42e4b6e03
assets/password-page-background.jpg:
  development: 2018-05-05T02:32:07-04:00   4d5821272f875e5c11dd3a8c8e1d6133
assets/theme.js.liquid:
  development: 2018-05-05T02:32:07-04:00   1db63784ef47712940ce60df34327bb1
assets/theme.scss.liquid:
  development: 2018-05-05T02:32:07-04:00   6e32669d48509ca0a12b6e0f4608f98a
assets/timber.scss.liquid:
  development: 2018-05-05T02:32:07-04:00   a35eb533d19f7065f658fabbc88c928c
config/settings_data.json:
  development: 2018-05-05T02:32:11-04:00   c4df58c48cc32c52e74526d03ee2467b
config/settings_schema.json:
  development: 2018-05-05T02:32:10-04:00   3f2da2692dbdafa29c79561bd876e706
layout/password.liquid:
  development: 2018-05-05T02:32:07-04:00   e3df81a186a3aaf1710cfc32ef51a558
layout/theme.liquid:
  development: 2018-05-05T02:32:07-04:00   8ef367a0deaad72fab5721e95328fbf9
locales/de.json:
  development: 2018-05-05T02:32:07-04:00   09cf9a7ff0052d8691dfff54ced866c5
locales/en.default.json:
  development: 2018-05-05T02:32:07-04:00   5fb4a5ebb75b217fb87f59de4d80904b
locales/es.json:
  development: 2018-05-05T02:32:07-04:00   252311e404e512e5b184e04066572067
locales/fr.json:
  development: 2018-05-05T02:32:07-04:00   c091a10704cb1cee02e45a97ae7f8630
locales/it.json:
  development: 2018-05-05T02:32:07-04:00   aed8548d04d71483b53d11314ddf5ec3
locales/ja.json:
  development: 2018-05-05T02:32:07-04:00   a0da2c28d292f7d0d18b02e4076d75f6
locales/pt-BR.json:
  development: 2018-05-05T02:32:08-04:00   ac34b20ca4c0667c37f11ae3e8486d5f
locales/pt-PT.json:
  development: 2018-05-05T02:32:08-04:00   53d9900e3c379a1960f8197f0371dd24
sections/advanced-content.liquid:
  development: 2018-05-05T02:32:03-04:00   4b45d54b982eb78ae6b807f7a0e3c2d8
sections/article-template.liquid:
  development: 2018-05-05T02:32:03-04:00   24b2ca76ee638a9fa807fdea8811ed13
sections/collection-image-template.liquid:
  development: 2018-05-05T02:32:03-04:00   b91a956f52837a6e689a5b5743a52133
sections/collection-template.liquid:
  development: 2018-05-05T02:32:03-04:00   b0d1db6335a23864102b30fe0dbe05d2
sections/drawer-menu.liquid:
  development: 2018-05-05T02:32:03-04:00   95febccd6f95fab7a4ad151fb2db7a01
sections/featured-blog.liquid:
  development: 2018-05-05T02:32:03-04:00   39816dc2460396d341d17a33a1d696ad
sections/featured-collections.liquid:
  development: 2018-05-05T02:32:03-04:00   a9522b514680ee104f88c85901f047a7
sections/featured-content.liquid:
  development: 2018-05-05T02:32:03-04:00   4c26b9b1add93a244b464eb062764c68
sections/featured-product.liquid:
  development: 2018-05-05T02:32:03-04:00   c252785a5ee4e448e18ae5057f6f2ddf
sections/featured-products.liquid:
  development: 2018-05-05T02:32:03-04:00   9fec56b1671133e9f6a01dec0b062ede
sections/featured-row.liquid:
  development: 2018-05-05T02:32:03-04:00   fb9a3596588cd8472aeb370d2ecef85f
sections/featured-video.liquid:
  development: 2018-05-05T02:32:03-04:00   27c4bd55d80c6e12b2608e5c42d59bd0
sections/footer.liquid:
  development: 2018-05-05T02:32:04-04:00   2f94ec4ccf40b8323142fb48094151b8
sections/header.liquid:
  development: 2018-05-05T02:32:04-04:00   4f4078596639ed466503bd700edbce47
sections/list-collections-template.liquid:
  development: 2018-05-05T02:32:04-04:00   cc519f30f6bced273d6c82201bb79c40
sections/loox-all-reviews.liquid:
  development: 2018-05-05T02:32:04-04:00   90f9dd4333c5db34478a1a6cb1349a4f
sections/map.liquid:
  development: 2018-05-05T02:32:04-04:00   ac33dc6663926e2ecbe35fe0ce4ddf14
sections/newsletter.liquid:
  development: 2018-05-05T02:32:04-04:00   6a0073297f0554078ebaa42b26c29308
sections/password-content.liquid:
  development: 2018-05-05T02:32:04-04:00   5a0b4a0de6cdf4b38a7ed16692f52c92
sections/password-header.liquid:
  development: 2018-05-05T02:32:04-04:00   5a5416be7d0234eb7a193645a5232357
sections/product-template.liquid:
  development: 2018-05-05T02:32:04-04:00   457a66ec81609981384269e04fd55147
sections/slideshow.liquid:
  development: 2018-05-05T02:32:04-04:00   fe4bc399b3f741dd9c63907c34a48957
snippets/ajax-cart-template.liquid:
  development: 2018-05-05T02:32:08-04:00   a12ad20ccc9ef7b2516fe7941c51dba8
snippets/bgset.liquid:
  development: 2018-05-05T02:32:08-04:00   33148dfd129ac7339b20fa9792a6bf85
snippets/collection-grid-collage.liquid:
  development: 2018-05-05T02:32:08-04:00   bba8796945ca96e0d0518d046f15d4ce
snippets/collection-grid-item.liquid:
  development: 2018-05-05T02:32:08-04:00   ee5beb448997d2a0c6aea228afd4ca9e
snippets/collection-sorting.liquid:
  development: 2018-05-05T02:32:08-04:00   5c3d97455cfdba8baaa37909797f8dd0
snippets/collection-template.liquid:
  development: 2018-05-05T02:32:08-04:00   02cacd5add9a70b3cb13576f8b485732
snippets/comment.liquid:
  development: 2018-05-05T02:32:08-04:00   490bf7370ece4d0217f9c229aefd5880
snippets/featured-blog.liquid:
  development: 2018-05-05T02:32:08-04:00   c2a422cd675d65d677cfde692d720c7f
snippets/google-fonts.liquid:
  development: 2018-05-05T02:32:08-04:00   8e40cfa27425f9a5b955b747e1edee96
snippets/guarantee.liquid:
  development: 2018-05-05T02:32:08-04:00   eec9c9dcce4d3423167acff2bd562e6b
snippets/image-style.liquid:
  development: 2018-05-05T02:32:08-04:00   8c50291b1de61b727b4dd13143797229
snippets/oldIE-js.liquid:
  development: 2018-05-05T02:32:08-04:00   599bad7b6606187544be5673ae37e8f9
snippets/onboarding-featured-blog.liquid:
  development: 2018-05-05T02:32:08-04:00   c5c4bb79ca0b788a1c12cea691ee8fe8
snippets/onboarding-featured-collections.liquid:
  development: 2018-05-05T02:32:08-04:00   2feedbf8631dfc0d5fb6e251d52582d4
snippets/onboarding-featured-products.liquid:
  development: 2018-05-05T02:32:08-04:00   4f249e3a12c79ae3aa47d3974fccd84c
snippets/pagination.liquid:
  development: 2018-05-05T02:32:08-04:00   70ed134ed90fed5e45b2ac2b938d8f35
snippets/product-grid-collage.liquid:
  development: 2018-05-05T02:32:09-04:00   4abdc9f608a23b5c0ab9d2581e08a060
snippets/product-grid-item.liquid:
  development: 2018-05-05T02:32:09-04:00   6a36de18598c9d4621edbe36dc0a1229
snippets/search-bar.liquid:
  development: 2018-05-05T02:32:09-04:00   09c97d1e453c835a8a5568a70d690883
snippets/shipping.liquid:
  development: 2018-05-05T02:32:09-04:00   a953b76f0525261f05c44095f35892ba
snippets/social-meta-tags.liquid:
  development: 2018-05-05T02:32:09-04:00   ae9e213401623b2601abf0ace8e21537
snippets/social-sharing.liquid:
  development: 2018-05-05T02:32:09-04:00   6ce37d7f2814a10ed9b36ea3be691b65
snippets/svg-definitions.liquid:
  development: 2018-05-05T02:32:09-04:00   fe4fbc64d534e355fd8653de4ebac79a
snippets/tags-article.liquid:
  development: 2018-05-05T02:32:09-04:00   e7976dc4c68590a9f1ee7276f99559ac
templates/404.liquid:
  development: 2018-05-05T02:32:09-04:00   f1181b55ee89b4ad79ae81d244761cd2
templates/article.liquid:
  development: 2018-05-05T02:32:09-04:00   9763e9f309642903282720d29b422aaf
templates/blog.liquid:
  development: 2018-05-05T02:32:09-04:00   ae4212d24bf693e8cc69499cbc28355a
templates/cart.liquid:
  development: 2018-05-05T02:32:09-04:00   f53eb7a209e2f33c15fe10a29837448e
templates/collection.image.liquid:
  development: 2018-05-05T02:32:09-04:00   cd9a9b1849d65ca4311d6f793008812f
templates/collection.liquid:
  development: 2018-05-05T02:32:09-04:00   3f577c5eaf7fab7e9688fd84e5d99db0
templates/customers/account.liquid:
  development: 2018-05-05T02:32:09-04:00   6169bc13701d2a2f4cbe9735b86ab10c
templates/customers/activate_account.liquid:
  development: 2018-05-05T02:32:09-04:00   a569b8be750f47edddc82ffc62b847ac
templates/customers/addresses.liquid:
  development: 2018-05-05T02:32:09-04:00   9c20221b1a50bee40908cbfb986bcac7
templates/customers/login.liquid:
  development: 2018-05-05T02:32:10-04:00   5fea701d036da687b6b1f1e28babb7bc
templates/customers/order.liquid:
  development: 2018-05-05T02:32:10-04:00   b836ee1cb4045e777025f75abf719574
templates/customers/register.liquid:
  development: 2018-05-05T02:32:10-04:00   3205d912f62cb0f866d974d5f2e22b37
templates/customers/reset_password.liquid:
  development: 2018-05-05T02:32:10-04:00   bd78871a9d2e373575659c6f9f68aa9b
templates/gift_card.liquid:
  development: 2018-05-05T02:32:10-04:00   066c368156f6a1078ae7a3f6862c4e39
templates/index.liquid:
  development: 2018-05-05T02:32:10-04:00   171b9093fa043fdf84d2df6eed3d94ab
templates/list-collections.liquid:
  development: 2018-05-05T02:32:10-04:00   eabed71f62563b929b8da83a4aeacbfb
templates/page.contact.liquid:
  development: 2018-05-05T02:32:10-04:00   b31a760236911163d10b4a663a76c59d
templates/page.full-width.liquid:
  development: 2018-05-05T02:32:10-04:00   f21db2cc6691ac1165c7a07ff8bc11cb
templates/page.liquid:
  development: 2018-05-05T02:32:10-04:00   3c1c3fb627419cc73d4cd19b32898d5e
templates/password.liquid:
  development: 2018-05-05T02:32:10-04:00   27c20529a5fa11780bc067f4f5c7cc9d
templates/product.liquid:
  development: 2018-05-05T02:32:10-04:00   0333f9f54411b4b9b90936d11d7c167e
templates/search.liquid:
  development: 2018-05-05T02:32:10-04:00   4c231166ee9b302907859a91340da45a
